
Microsoft Visual Studio Solution File, Format Version 12.00
# Visual Studio Version 17
VisualStudioVersion = 17.4.33213.308
MinimumVisualStudioVersion = 10.0.40219.1
Project("{FAE04EC0-301F-11D3-BF4B-00C04F79EFBC}") = "CustomToolbarItem.Server", "Server\CustomToolbarItem.Server.csproj", "{3157CB3F-5069-4701-A2EB-7FACBCE592DB}"
EndProject
Project("{FAE04EC0-301F-11D3-BF4B-00C04F79EFBC}") = "CustomToolbarItem.Client", "Client\CustomToolbarItem.Client.csproj", "{5B90F981-BD7B-4E6D-9491-B26250CEBFF6}"
EndProject
Project("{FAE04EC0-301F-11D3-BF4B-00C04F79EFBC}") = "CustomToolbarItem.Shared", "Shared\CustomToolbarItem.Shared.csproj", "{19AE7253-89AE-449F-AB41-ACF34866AE2D}"
EndProject
Global
	GlobalSection(SolutionConfigurationPlatforms) = preSolution
		Debug|Any CPU = Debug|Any CPU
		Release|Any CPU = Release|Any CPU
	EndGlobalSection
	GlobalSection(ProjectConfigurationPlatforms) = postSolution
		{3157CB3F-5069-4701-A2EB-7FACBCE592DB}.Debug|Any CPU.ActiveCfg = Debug|Any CPU
		{3157CB3F-5069-4701-A2EB-7FACBCE592DB}.Debug|Any CPU.Build.0 = Debug|Any CPU
		{3157CB3F-5069-4701-A2EB-7FACBCE592DB}.Release|Any CPU.ActiveCfg = Release|Any CPU
		{3157CB3F-5069-4701-A2EB-7FACBCE592DB}.Release|Any CPU.Build.0 = Release|Any CPU
		{5B90F981-BD7B-4E6D-9491-B26250CEBFF6}.Debug|Any CPU.ActiveCfg = Debug|Any CPU
		{5B90F981-BD7B-4E6D-9491-B26250CEBFF6}.Debug|Any CPU.Build.0 = Debug|Any CPU
		{5B90F981-BD7B-4E6D-9491-B26250CEBFF6}.Release|Any CPU.ActiveCfg = Release|Any CPU
		{5B90F981-BD7B-4E6D-9491-B26250CEBFF6}.Release|Any CPU.Build.0 = Release|Any CPU
		{19AE7253-89AE-449F-AB41-ACF34866AE2D}.Debug|Any CPU.ActiveCfg = Debug|Any CPU
		{19AE7253-89AE-449F-AB41-ACF34866AE2D}.Debug|Any CPU.Build.0 = Debug|Any CPU
		{19AE7253-89AE-449F-AB41-ACF34866AE2D}.Release|Any CPU.ActiveCfg = Release|Any CPU
		{19AE7253-89AE-449F-AB41-ACF34866AE2D}.Release|Any CPU.Build.0 = Release|Any CPU
	EndGlobalSection
	GlobalSection(SolutionProperties) = preSolution
		HideSolutionNode = FALSE
	EndGlobalSection
	GlobalSection(ExtensibilityGlobals) = postSolution
		SolutionGuid = {E0626458-0D12-4BEE-B82D-B589B60C124B}
	EndGlobalSection
EndGlobal
